
Microsoft Visual Studio Solution File, Format Version 12.00
# Visual Studio Version 16
VisualStudioVersion = 16.0.30204.135
MinimumVisualStudioVersion = 10.0.40219.1
Project("{FAE04EC0-301F-11D3-BF4B-00C04F79EFBC}") = "FacultyWeb", "FacultyWeb\FacultyWeb.csproj", "{CBCFFCBD-74E3-49DE-AA6D-F7FE1CED3346}"
EndProject
Global
	GlobalSection(SolutionConfigurationPlatforms) = preSolution
		Debug|Any CPU = Debug|Any CPU
		Release|Any CPU = Release|Any CPU
	EndGlobalSection
	GlobalSection(ProjectConfigurationPlatforms) = postSolution
		{CBCFFCBD-74E3-49DE-AA6D-F7FE1CED3346}.Debug|Any CPU.ActiveCfg = Debug|Any CPU
		{CBCFFCBD-74E3-49DE-AA6D-F7FE1CED3346}.Debug|Any CPU.Build.0 = Debug|Any CPU
		{CBCFFCBD-74E3-49DE-AA6D-F7FE1CED3346}.Release|Any CPU.ActiveCfg = Release|Any CPU
		{CBCFFCBD-74E3-49DE-AA6D-F7FE1CED3346}.Release|Any CPU.Build.0 = Release|Any CPU
	EndGlobalSection
	GlobalSection(SolutionProperties) = preSolution
		HideSolutionNode = FALSE
	EndGlobalSection
	GlobalSection(ExtensibilityGlobals) = postSolution
		SolutionGuid = {A9027D4F-ACD2-4575-A302-5CDA74908A42}
	EndGlobalSection
EndGlobal
